
Microsoft Visual Studio Solution File, Format Version 11.00
# Visual Studio 2010
Project("{F2A71F9B-5D33-465A-A702-920D77279786}") = "WtProgram", "WtProgram\WtProgram.fsproj", "{AE7D5E18-AC62-4BD3-AB9E-02CBB2EB29D6}"
EndProject
Project("{FAE04EC0-301F-11D3-BF4B-00C04F79EFBC}") = "Win32", "Win32\Win32.csproj", "{08D5E815-CC69-4D6E-83BD-EF119618EA9C}"
EndProject
Project("{54435603-DBB4-11D2-8724-00A0C9A8B90C}") = "WtSetup", "WtSetup\WtSetup.vdproj", "{DEFB7190-BCAB-46D9-839D-1D584C8ADAF9}"
EndProject
Global
	GlobalSection(SolutionConfigurationPlatforms) = preSolution
		Debug|Any CPU = Debug|Any CPU
		Debug|Mixed Platforms = Debug|Mixed Platforms
		Debug|Win32 = Debug|Win32
		Debug|x86 = Debug|x86
		Release|Any CPU = Release|Any CPU
		Release|Mixed Platforms = Release|Mixed Platforms
		Release|Win32 = Release|Win32
		Release|x86 = Release|x86
	EndGlobalSection
	GlobalSection(ProjectConfigurationPlatforms) = postSolution
		{AE7D5E18-AC62-4BD3-AB9E-02CBB2EB29D6}.Debug|Any CPU.ActiveCfg = Debug|Any CPU
		{AE7D5E18-AC62-4BD3-AB9E-02CBB2EB29D6}.Debug|Any CPU.Build.0 = Debug|Any CPU
		{AE7D5E18-AC62-4BD3-AB9E-02CBB2EB29D6}.Debug|Mixed Platforms.ActiveCfg = Debug|Any CPU
		{AE7D5E18-AC62-4BD3-AB9E-02CBB2EB29D6}.Debug|Mixed Platforms.Build.0 = Debug|Any CPU
		{AE7D5E18-AC62-4BD3-AB9E-02CBB2EB29D6}.Debug|Win32.ActiveCfg = Debug|Any CPU
		{AE7D5E18-AC62-4BD3-AB9E-02CBB2EB29D6}.Debug|x86.ActiveCfg = Debug|Any CPU
		{AE7D5E18-AC62-4BD3-AB9E-02CBB2EB29D6}.Debug|x86.Build.0 = Debug|Any CPU
		{AE7D5E18-AC62-4BD3-AB9E-02CBB2EB29D6}.Release|Any CPU.ActiveCfg = Release|Any CPU
		{AE7D5E18-AC62-4BD3-AB9E-02CBB2EB29D6}.Release|Any CPU.Build.0 = Release|Any CPU
		{AE7D5E18-AC62-4BD3-AB9E-02CBB2EB29D6}.Release|Mixed Platforms.ActiveCfg = Release|Any CPU
		{AE7D5E18-AC62-4BD3-AB9E-02CBB2EB29D6}.Release|Mixed Platforms.Build.0 = Release|Any CPU
		{AE7D5E18-AC62-4BD3-AB9E-02CBB2EB29D6}.Release|Win32.ActiveCfg = Release|Any CPU
		{AE7D5E18-AC62-4BD3-AB9E-02CBB2EB29D6}.Release|x86.ActiveCfg = Release|Any CPU
		{AE7D5E18-AC62-4BD3-AB9E-02CBB2EB29D6}.Release|x86.Build.0 = Release|Any CPU
		{08D5E815-CC69-4D6E-83BD-EF119618EA9C}.Debug|Any CPU.ActiveCfg = Debug|Any CPU
		{08D5E815-CC69-4D6E-83BD-EF119618EA9C}.Debug|Any CPU.Build.0 = Debug|Any CPU
		{08D5E815-CC69-4D6E-83BD-EF119618EA9C}.Debug|Mixed Platforms.ActiveCfg = Debug|Any CPU
		{08D5E815-CC69-4D6E-83BD-EF119618EA9C}.Debug|Mixed Platforms.Build.0 = Debug|Any CPU
		{08D5E815-CC69-4D6E-83BD-EF119618EA9C}.Debug|Win32.ActiveCfg = Debug|Any CPU
		{08D5E815-CC69-4D6E-83BD-EF119618EA9C}.Debug|x86.ActiveCfg = Debug|Any CPU
		{08D5E815-CC69-4D6E-83BD-EF119618EA9C}.Debug|x86.Build.0 = Debug|Any CPU
		{08D5E815-CC69-4D6E-83BD-EF119618EA9C}.Release|Any CPU.ActiveCfg = Release|Any CPU
		{08D5E815-CC69-4D6E-83BD-EF119618EA9C}.Release|Any CPU.Build.0 = Release|Any CPU
		{08D5E815-CC69-4D6E-83BD-EF119618EA9C}.Release|Mixed Platforms.ActiveCfg = Release|Any CPU
		{08D5E815-CC69-4D6E-83BD-EF119618EA9C}.Release|Mixed Platforms.Build.0 = Release|Any CPU
		{08D5E815-CC69-4D6E-83BD-EF119618EA9C}.Release|Win32.ActiveCfg = Release|Any CPU
		{08D5E815-CC69-4D6E-83BD-EF119618EA9C}.Release|x86.ActiveCfg = Release|Any CPU
		{08D5E815-CC69-4D6E-83BD-EF119618EA9C}.Release|x86.Build.0 = Release|Any CPU
		{DEFB7190-BCAB-46D9-839D-1D584C8ADAF9}.Debug|Any CPU.ActiveCfg = Debug
		{DEFB7190-BCAB-46D9-839D-1D584C8ADAF9}.Debug|Mixed Platforms.ActiveCfg = Debug
		{DEFB7190-BCAB-46D9-839D-1D584C8ADAF9}.Debug|Win32.ActiveCfg = Debug
		{DEFB7190-BCAB-46D9-839D-1D584C8ADAF9}.Debug|Win32.Build.0 = Debug
		{DEFB7190-BCAB-46D9-839D-1D584C8ADAF9}.Debug|x86.ActiveCfg = Debug
		{DEFB7190-BCAB-46D9-839D-1D584C8ADAF9}.Release|Any CPU.ActiveCfg = Release
		{DEFB7190-BCAB-46D9-839D-1D584C8ADAF9}.Release|Mixed Platforms.ActiveCfg = Release
		{DEFB7190-BCAB-46D9-839D-1D584C8ADAF9}.Release|Mixed Platforms.Build.0 = Release
		{DEFB7190-BCAB-46D9-839D-1D584C8ADAF9}.Release|Win32.ActiveCfg = Release
		{DEFB7190-BCAB-46D9-839D-1D584C8ADAF9}.Release|Win32.Build.0 = Release
		{DEFB7190-BCAB-46D9-839D-1D584C8ADAF9}.Release|x86.ActiveCfg = Release
		{DEFB7190-BCAB-46D9-839D-1D584C8ADAF9}.Release|x86.Build.0 = Release
	EndGlobalSection
	GlobalSection(SolutionProperties) = preSolution
		HideSolutionNode = FALSE
	EndGlobalSection
EndGlobal
